{
    "_readme": [
        "This file locks the dependencies of your project to a known state",
        "Read more about it at https://getcomposer.org/doc/01-basic-usage.md#composer-lock-the-lock-file",
        "This file is @generated automatically"
    ],
    "content-hash": "4dfc1edc70beedb8f6402c0cfd692985",
    "packages": [
        {
            "name": "globalcitizen/php-iban",
            "version": "v2.7.0",
            "source": {
                "type": "git",
                "url": "https://github.com/globalcitizen/php-iban.git",
                "reference": "51f0fb5fec38574c23a7baf2b3795bf5729dc813"
            },
            "dist": {
                "type": "zip",
                "url": "https://api.github.com/repos/globalcitizen/php-iban/zipball/51f0fb5fec38574c23a7baf2b3795bf5729dc813",
                "reference": "51f0fb5fec38574c23a7baf2b3795bf5729dc813",
                "shasum": ""
            },
            "type": "library",
            "autoload": {
                "files": [
                    "oophp-iban.php",
                    "php-iban.php"
                ]
            },
            "notification-url": "https://packagist.org/downloads/",
            "license": [
                "LGPL-3.0"
            ],
            "description": "php-iban is a library for parsing and validating IBAN (and IIBAN) bank account information.",
            "time": "2019-07-02T16:45:16+00:00"
        }
    ],
    "packages-dev": [],
    "aliases": [],
    "minimum-stability": "stable",
    "stability-flags": [],
    "prefer-stable": false,
    "prefer-lowest": false,
    "platform": [],
    "platform-dev": []
}
